// !$*UTF8*$!
{
	archiveVersion = 1;
	classes = {
	};
	objectVersion = 50;
	objects = {

/* Begin PBXBuildFile section */
		647BA52724ABAEE200300916 /* AppDelegate.swift in Sources */ = {isa = PBXBuildFile; fileRef = 647BA52624ABAEE200300916 /* AppDelegate.swift */; };
		647BA52924ABAEE200300916 /* SceneDelegate.swift in Sources */ = {isa = PBXBuildFile; fileRef = 647BA52824ABAEE200300916 /* SceneDelegate.swift */; };
		647BA52B24ABAEE200300916 /* ContentView.swift in Sources */ = {isa = PBXBuildFile; fileRef = 647BA52A24ABAEE200300916 /* ContentView.swift */; };
		647BA52D24ABAEE600300916 /* Assets.xcassets in Resources */ = {isa = PBXBuildFile; fileRef = 647BA52C24ABAEE600300916 /* Assets.xcassets */; };
		647BA53024ABAEE600300916 /* Preview Assets.xcassets in Resources */ = {isa = PBXBuildFile; fileRef = 647BA52F24ABAEE600300916 /* Preview Assets.xcassets */; };
		647BA53324ABAEE600300916 /* LaunchScreen.storyboard in Resources */ = {isa = PBXBuildFile; fileRef = 647BA53124ABAEE600300916 /* LaunchScreen.storyboard */; };
		647BA53E24ABAEE600300916 /* PolyDiceTests.swift in Sources */ = {isa = PBXBuildFile; fileRef = 647BA53D24ABAEE600300916 /* PolyDiceTests.swift */; };
/* End PBXBuildFile section */

/* Begin PBXContainerItemProxy section */
		647BA53A24ABAEE600300916 /* PBXContainerItemProxy */ = {
			isa = PBXContainerItemProxy;
			containerPortal = 647BA51B24ABAEE200300916 /* Project object */;
			proxyType = 1;
			remoteGlobalIDString = 647BA52224ABAEE200300916;
			remoteInfo = PolyDice;
		};
/* End PBXContainerItemProxy section */

/* Begin PBXFileReference section */
		647BA52324ABAEE200300916 /* PolyDice.app */ = {isa = PBXFileReference; explicitFileType = wrapper.application; includeInIndex = 0; path = PolyDice.app; sourceTree = BUILT_PRODUCTS_DIR; };
		647BA52624ABAEE200300916 /* AppDelegate.swift */ = {isa = PBXFileReference; lastKnownFileType = sourcecode.swift; path = AppDelegate.swift; sourceTree = "<group>"; };
		647BA52824ABAEE200300916 /* SceneDelegate.swift */ = {isa = PBXFileReference; lastKnownFileType = sourcecode.swift; path = SceneDelegate.swift; sourceTree = "<group>"; };
		647BA52A24ABAEE200300916 /* ContentView.swift */ = {isa = PBXFileReference; lastKnownFileType = sourcecode.swift; path = ContentView.swift; sourceTree = "<group>"; };
		647BA52C24ABAEE600300916 /* Assets.xcassets */ = {isa = PBXFileReference; lastKnownFileType = folder.assetcatalog; path = Assets.xcassets; sourceTree = "<group>"; };
		647BA52F24ABAEE600300916 /* Preview Assets.xcassets */ = {isa = PBXFileReference; lastKnownFileType = folder.assetcatalog; path = "Preview Assets.xcassets"; sourceTree = "<group>"; };
		647BA53224ABAEE600300916 /* Base */ = {isa = PBXFileReference; lastKnownFileType = file.storyboard; name = Base; path = Base.lproj/LaunchScreen.storyboard; sourceTree = "<group>"; };
		647BA53424ABAEE600300916 /* Info.plist */ = {isa = PBXFileReference; lastKnownFileType = text.plist.xml; path = Info.plist; sourceTree = "<group>"; };
		647BA53924ABAEE600300916 /* PolyDiceTests.xctest */ = {isa = PBXFileReference; explicitFileType = wrapper.cfbundle; includeInIndex = 0; path = PolyDiceTests.xctest; sourceTree = BUILT_PRODUCTS_DIR; };
		647BA53D24ABAEE600300916 /* PolyDiceTests.swift */ = {isa = PBXFileReference; lastKnownFileType = sourcecode.swift; path = PolyDiceTests.swift; sourceTree = "<group>"; };
		647BA53F24ABAEE600300916 /* Info.plist */ = {isa = PBXFileReference; lastKnownFileType = text.plist.xml; path = Info.plist; sourceTree = "<group>"; };
/* End PBXFileReference section */

/* Begin PBXFrameworksBuildPhase section */
		647BA52024ABAEE200300916 /* Frameworks */ = {
			isa = PBXFrameworksBuildPhase;
			buildActionMask = 2147483647;
			files = (
			);
			runOnlyForDeploymentPostprocessing = 0;
		};
		647BA53624ABAEE600300916 /* Frameworks */ = {
			isa = PBXFrameworksBuildPhase;
			buildActionMask = 2147483647;
			files = (
			);
			runOnlyForDeploymentPostprocessing = 0;
		};
/* End PBXFrameworksBuildPhase section */

/* Begin PBXGroup section */
		647BA51A24ABAEE200300916 = {
			isa = PBXGroup;
			children = (
				647BA52524ABAEE200300916 /* PolyDice */,
				647BA53C24ABAEE600300916 /* PolyDiceTests */,
				647BA52424ABAEE200300916 /* Products */,
			);
			sourceTree = "<group>";
		};
		647BA52424ABAEE200300916 /* Products */ = {
			isa = PBXGroup;
			children = (
				647BA52324ABAEE200300916 /* PolyDice.app */,
				647BA53924ABAEE600300916 /* PolyDiceTests.xctest */,
			);
			name = Products;
			sourceTree = "<group>";
		};
		647BA52524ABAEE200300916 /* PolyDice */ = {
			isa = PBXGroup;
			children = (
				647BA52624ABAEE200300916 /* AppDelegate.swift */,
				647BA52824ABAEE200300916 /* SceneDelegate.swift */,
				647BA52A24ABAEE200300916 /* ContentView.swift */,
				647BA52C24ABAEE600300916 /* Assets.xcassets */,
				647BA53124ABAEE600300916 /* LaunchScreen.storyboard */,
				647BA53424ABAEE600300916 /* Info.plist */,
				647BA52E24ABAEE600300916 /* Preview Content */,
			);
			path = PolyDice;
			sourceTree = "<group>";
		};
		647BA52E24ABAEE600300916 /* Preview Content */ = {
			isa = PBXGroup;
			children = (
				647BA52F24ABAEE600300916 /* Preview Assets.xcassets */,
			);
			path = "Preview Content";
			sourceTree = "<group>";
		};
		647BA53C24ABAEE600300916 /* PolyDiceTests */ = {
			isa = PBXGroup;
			children = (
				647BA53D24ABAEE600300916 /* PolyDiceTests.swift */,
				647BA53F24ABAEE600300916 /* Info.plist */,
			);
			path = PolyDiceTests;
			sourceTree = "<group>";
		};
/* End PBXGroup section */

/* Begin PBXNativeTarget section */
		647BA52224ABAEE200300916 /* PolyDice */ = {
			isa = PBXNativeTarget;
			buildConfigurationList = 647BA54224ABAEE600300916 /* Build configuration list for PBXNativeTarget "PolyDice" */;
			buildPhases = (
				647BA51F24ABAEE200300916 /* Sources */,
				647BA52024ABAEE200300916 /* Frameworks */,
				647BA52124ABAEE200300916 /* Resources */,
			);
			buildRules = (
			);
			dependencies = (
			);
			name = PolyDice;
			productName = PolyDice;
			productReference = 647BA52324ABAEE200300916 /* PolyDice.app */;
			productType = "com.apple.product-type.application";
		};
		647BA53824ABAEE600300916 /* PolyDiceTests */ = {
			isa = PBXNativeTarget;
			buildConfigurationList = 647BA54524ABAEE600300916 /* Build configuration list for PBXNativeTarget "PolyDiceTests" */;
			buildPhases = (
				647BA53524ABAEE600300916 /* Sources */,
				647BA53624ABAEE600300916 /* Frameworks */,
				647BA53724ABAEE600300916 /* Resources */,
			);
			buildRules = (
			);
			dependencies = (
				647BA53B24ABAEE600300916 /* PBXTargetDependency */,
			);
			name = PolyDiceTests;
			productName = PolyDiceTests;
			productReference = 647BA53924ABAEE600300916 /* PolyDiceTests.xctest */;
			productType = "com.apple.product-type.bundle.unit-test";
		};
/* End PBXNativeTarget section */

/* Begin PBXProject section */
		647BA51B24ABAEE200300916 /* Project object */ = {
			isa = PBXProject;
			attributes = {
				LastSwiftUpdateCheck = 1150;
				LastUpgradeCheck = 1150;
				ORGANIZATIONNAME = "Keith Lee";
				TargetAttributes = {
					647BA52224ABAEE200300916 = {
						CreatedOnToolsVersion = 11.5;
					};
					647BA53824ABAEE600300916 = {
						CreatedOnToolsVersion = 11.5;
						TestTargetID = 647BA52224ABAEE200300916;
					};
				};
			};
			buildConfigurationList = 647BA51E24ABAEE200300916 /* Build configuration list for PBXProject "PolyDice" */;
			compatibilityVersion = "Xcode 9.3";
			developmentRegion = en;
			hasScannedForEncodings = 0;
			knownRegions = (
				en,
				Base,
			);
			mainGroup = 647BA51A24ABAEE200300916;
			productRefGroup = 647BA52424ABAEE200300916 /* Products */;
			projectDirPath = "";
			projectRoot = "";
			targets = (
				647BA52224ABAEE200300916 /* PolyDice */,
				647BA53824ABAEE600300916 /* PolyDiceTests */,
			);
		};
/* End PBXProject section */

/* Begin PBXResourcesBuildPhase section */
		647BA52124ABAEE200300916 /* Resources */ = {
			isa = PBXResourcesBuildPhase;
			buildActionMask = 2147483647;
			files = (
				647BA53324ABAEE600300916 /* LaunchScreen.storyboard in Resources */,
				647BA53024ABAEE600300916 /* Preview Assets.xcassets in Resources */,
				647BA52D24ABAEE600300916 /* Assets.xcassets in Resources */,
			);
			runOnlyForDeploymentPostprocessing = 0;
		};
		647BA53724ABAEE600300916 /* Resources */ = {
			isa = PBXResourcesBuildPhase;
			buildActionMask = 2147483647;
			files = (
			);
			runOnlyForDeploymentPostprocessing = 0;
		};
/* End PBXResourcesBuildPhase section */

/* Begin PBXSourcesBuildPhase section */
		647BA51F24ABAEE200300916 /* Sources */ = {
			isa = PBXSourcesBuildPhase;
			buildActionMask = 2147483647;
			files = (
				647BA52724ABAEE200300916 /* AppDelegate.swift in Sources */,
				647BA52924ABAEE200300916 /* SceneDelegate.swift in Sources */,
				647BA52B24ABAEE200300916 /* ContentView.swift in Sources */,
			);
			runOnlyForDeploymentPostprocessing = 0;
		};
		647BA53524ABAEE600300916 /* Sources */ = {
			isa = PBXSourcesBuildPhase;
			buildActionMask = 2147483647;
			files = (
				647BA53E24ABAEE600300916 /* PolyDiceTests.swift in Sources */,
			);
			runOnlyForDeploymentPostprocessing = 0;
		};
/* End PBXSourcesBuildPhase section */

/* Begin PBXTargetDependency section */
		647BA53B24ABAEE600300916 /* PBXTargetDependency */ = {
			isa = PBXTargetDependency;
			target = 647BA52224ABAEE200300916 /* PolyDice */;
			targetProxy = 647BA53A24ABAEE600300916 /* PBXContainerItemProxy */;
		};
/* End PBXTargetDependency section */

/* Begin PBXVariantGroup section */
		647BA53124ABAEE600300916 /* LaunchScreen.storyboard */ = {
			isa = PBXVariantGroup;
			children = (
				647BA53224ABAEE600300916 /* Base */,
			);
			name = LaunchScreen.storyboard;
			sourceTree = "<group>";
		};
/* End PBXVariantGroup section */

/* Begin XCBuildConfiguration section */
		647BA54024ABAEE600300916 /* Debug */ = {
			isa = XCBuildConfiguration;
			buildSettings = {
				ALWAYS_SEARCH_USER_PATHS = NO;
				CLANG_ANALYZER_NONNULL = YES;
				CLANG_ANALYZER_NUMBER_OBJECT_CONVERSION = YES_AGGRESSIVE;
				CLANG_CXX_LANGUAGE_STANDARD = "gnu++14";
				CLANG_CXX_LIBRARY = "libc++";
				CLANG_ENABLE_MODULES = YES;
				CLANG_ENABLE_OBJC_ARC = YES;
				CLANG_ENABLE_OBJC_WEAK = YES;
				CLANG_WARN_BLOCK_CAPTURE_AUTORELEASING = YES;
				CLANG_WARN_BOOL_CONVERSION = YES;
				CLANG_WARN_COMMA = YES;
				CLANG_WARN_CONSTANT_CONVERSION = YES;
				CLANG_WARN_DEPRECATED_OBJC_IMPLEMENTATIONS = YES;
				CLANG_WARN_DIRECT_OBJC_ISA_USAGE = YES_ERROR;
				CLANG_WARN_DOCUMENTATION_COMMENTS = YES;
				CLANG_WARN_EMPTY_BODY = YES;
				CLANG_WARN_ENUM_CONVERSION = YES;
				CLANG_WARN_INFINITE_RECURSION = YES;
				CLANG_WARN_INT_CONVERSION = YES;
				CLANG_WARN_NON_LITERAL_NULL_CONVERSION = YES;
				CLANG_WARN_OBJC_IMPLICIT_RETAIN_SELF = YES;
				CLANG_WARN_OBJC_LITERAL_CONVERSION = YES;
				CLANG_WARN_OBJC_ROOT_CLASS = YES_ERROR;
				CLANG_WARN_RANGE_LOOP_ANALYSIS = YES;
				CLANG_WARN_STRICT_PROTOTYPES = YES;
				CLANG_WARN_SUSPICIOUS_MOVE = YES;
				CLANG_WARN_UNGUARDED_AVAILABILITY = YES_AGGRESSIVE;
				CLANG_WARN_UNREACHABLE_CODE = YES;
				CLANG_WARN__DUPLICATE_METHOD_MATCH = YES;
				COPY_PHASE_STRIP = NO;
				DEBUG_INFORMATION_FORMAT = dwarf;
				ENABLE_STRICT_OBJC_MSGSEND = YES;
				ENABLE_TESTABILITY = YES;
				GCC_C_LANGUAGE_STANDARD = gnu11;
				GCC_DYNAMIC_NO_PIC = NO;
				GCC_NO_COMMON_BLOCKS = YES;
				GCC_OPTIMIZATION_LEVEL = 0;
				GCC_PREPROCESSOR_DEFINITIONS = (
					"DEBUG=1",
					"$(inherited)",
				);
				GCC_WARN_64_TO_32_BIT_CONVERSION = YES;
				GCC_WARN_ABOUT_RETURN_TYPE = YES_ERROR;
				GCC_WARN_UNDECLARED_SELECTOR = YES;
				GCC_WARN_UNINITIALIZED_AUTOS = YES_AGGRESSIVE;
				GCC_WARN_UNUSED_FUNCTION = YES;
				GCC_WARN_UNUSED_VARIABLE = YES;
				IPHONEOS_DEPLOYMENT_TARGET = 13.5;
				MTL_ENABLE_DEBUG_INFO = INCLUDE_SOURCE;
				MTL_FAST_MATH = YES;
				ONLY_ACTIVE_ARCH = YES;
				SDKROOT = iphoneos;
				SWIFT_ACTIVE_COMPILATION_CONDITIONS = DEBUG;
				SWIFT_OPTIMIZATION_LEVEL = "-Onone";
			};
			name = Debug;
		};
		647BA54124ABAEE600300916 /* Release */ = {
			isa = XCBuildConfiguration;
			buildSettings = {
				ALWAYS_SEARCH_USER_PATHS = NO;
				CLANG_ANALYZER_NONNULL = YES;
				CLANG_ANALYZER_NUMBER_OBJECT_CONVERSION = YES_AGGRESSIVE;
				CLANG_CXX_LANGUAGE_STANDARD = "gnu++14";
				CLANG_CXX_LIBRARY = "libc++";
				CLANG_ENABLE_MODULES = YES;
				CLANG_ENABLE_OBJC_ARC = YES;
				CLANG_ENABLE_OBJC_WEAK = YES;
				CLANG_WARN_BLOCK_CAPTURE_AUTORELEASING = YES;
				CLANG_WARN_BOOL_CONVERSION = YES;
				CLANG_WARN_COMMA = YES;
				CLANG_WARN_CONSTANT_CONVERSION = YES;
				CLANG_WARN_DEPRECATED_OBJC_IMPLEMENTATIONS = YES;
				CLANG_WARN_DIRECT_OBJC_ISA_USAGE = YES_ERROR;
				CLANG_WARN_DOCUMENTATION_COMMENTS = YES;
				CLANG_WARN_EMPTY_BODY = YES;
				CLANG_WARN_ENUM_CONVERSION = YES;
				CLANG_WARN_INFINITE_RECURSION = YES;
				CLANG_WARN_INT_CONVERSION = YES;
				CLANG_WARN_NON_LITERAL_NULL_CONVERSION = YES;
				CLANG_WARN_OBJC_IMPLICIT_RETAIN_SELF = YES;
				CLANG_WARN_OBJC_LITERAL_CONVERSION = YES;
				CLANG_WARN_OBJC_ROOT_CLASS = YES_ERROR;
				CLANG_WARN_RANGE_LOOP_ANALYSIS = YES;
				CLANG_WARN_STRICT_PROTOTYPES = YES;
				CLANG_WARN_SUSPICIOUS_MOVE = YES;
				CLANG_WARN_UNGUARDED_AVAILABILITY = YES_AGGRESSIVE;
				CLANG_WARN_UNREACHABLE_CODE = YES;
				CLANG_WARN__DUPLICATE_METHOD_MATCH = YES;
				COPY_PHASE_STRIP = NO;
				DEBUG_INFORMATION_FORMAT = "dwarf-with-dsym";
				ENABLE_NS_ASSERTIONS = NO;
				ENABLE_STRICT_OBJC_MSGSEND = YES;
				GCC_C_LANGUAGE_STANDARD = gnu11;
				GCC_NO_COMMON_BLOCKS = YES;
				GCC_WARN_64_TO_32_BIT_CONVERSION = YES;
				GCC_WARN_ABOUT_RETURN_TYPE = YES_ERROR;
				GCC_WARN_UNDECLARED_SELECTOR = YES;
				GCC_WARN_UNINITIALIZED_AUTOS = YES_AGGRESSIVE;
				GCC_WARN_UNUSED_FUNCTION = YES;
				GCC_WARN_UNUSED_VARIABLE = YES;
				IPHONEOS_DEPLOYMENT_TARGET = 13.5;
				MTL_ENABLE_DEBUG_INFO = NO;
				MTL_FAST_MATH = YES;
				SDKROOT = iphoneos;
				SWIFT_COMPILATION_MODE = wholemodule;
				SWIFT_OPTIMIZATION_LEVEL = "-O";
				VALIDATE_PRODUCT = YES;
			};
			name = Release;
		};
		647BA54324ABAEE600300916 /* Debug */ = {
			isa = XCBuildConfiguration;
			buildSettings = {
				ASSETCATALOG_COMPILER_APPICON_NAME = AppIcon;
				CODE_SIGN_STYLE = Automatic;
				DEVELOPMENT_ASSET_PATHS = "\"PolyDice/Preview Content\"";
				DEVELOPMENT_TEAM = UK6M8ZDXSG;
				ENABLE_PREVIEWS = YES;
				INFOPLIST_FILE = PolyDice/Info.plist;
				LD_RUNPATH_SEARCH_PATHS = (
					"$(inherited)",
					"@executable_path/Frameworks",
				);
				PRODUCT_BUNDLE_IDENTIFIER = "Keith-Lee.PolyDice";
				PRODUCT_NAME = "$(TARGET_NAME)";
				SWIFT_VERSION = 5.0;
				TARGETED_DEVICE_FAMILY = "1,2";
			};
			name = Debug;
		};
		647BA54424ABAEE600300916 /* Release */ = {
			isa = XCBuildConfiguration;
			buildSettings = {
				ASSETCATALOG_COMPILER_APPICON_NAME = AppIcon;
				CODE_SIGN_STYLE = Automatic;
				DEVELOPMENT_ASSET_PATHS = "\"PolyDice/Preview Content\"";
				DEVELOPMENT_TEAM = UK6M8ZDXSG;
				ENABLE_PREVIEWS = YES;
				INFOPLIST_FILE = PolyDice/Info.plist;
				LD_RUNPATH_SEARCH_PATHS = (
					"$(inherited)",
					"@executable_path/Frameworks",
				);
				PRODUCT_BUNDLE_IDENTIFIER = "Keith-Lee.PolyDice";
				PRODUCT_NAME = "$(TARGET_NAME)";
				SWIFT_VERSION = 5.0;
				TARGETED_DEVICE_FAMILY = "1,2";
			};
			name = Release;
		};
		647BA54624ABAEE600300916 /* Debug */ = {
			isa = XCBuildConfiguration;
			buildSettings = {
				ALWAYS_EMBED_SWIFT_STANDARD_LIBRARIES = YES;
				BUNDLE_LOADER = "$(TEST_HOST)";
				CODE_SIGN_STYLE = Automatic;
				DEVELOPMENT_TEAM = UK6M8ZDXSG;
				INFOPLIST_FILE = PolyDiceTests/Info.plist;
				IPHONEOS_DEPLOYMENT_TARGET = 13.5;
				LD_RUNPATH_SEARCH_PATHS = (
					"$(inherited)",
					"@executable_path/Frameworks",
					"@loader_path/Frameworks",
				);
				PRODUCT_BUNDLE_IDENTIFIER = "Keith-Lee.PolyDiceTests";
				PRODUCT_NAME = "$(TARGET_NAME)";
				SWIFT_VERSION = 5.0;
				TARGETED_DEVICE_FAMILY = "1,2";
				TEST_HOST = "$(BUILT_PRODUCTS_DIR)/PolyDice.app/PolyDice";
			};
			name = Debug;
		};
		647BA54724ABAEE600300916 /* Release */ = {
			isa = XCBuildConfiguration;
			buildSettings = {
				ALWAYS_EMBED_SWIFT_STANDARD_LIBRARIES = YES;
				BUNDLE_LOADER = "$(TEST_HOST)";
				CODE_SIGN_STYLE = Automatic;
				DEVELOPMENT_TEAM = UK6M8ZDXSG;
				INFOPLIST_FILE = PolyDiceTests/Info.plist;
				IPHONEOS_DEPLOYMENT_TARGET = 13.5;
				LD_RUNPATH_SEARCH_PATHS = (
					"$(inherited)",
					"@executable_path/Frameworks",
					"@loader_path/Frameworks",
				);
				PRODUCT_BUNDLE_IDENTIFIER = "Keith-Lee.PolyDiceTests";
				PRODUCT_NAME = "$(TARGET_NAME)";
				SWIFT_VERSION = 5.0;
				TARGETED_DEVICE_FAMILY = "1,2";
				TEST_HOST = "$(BUILT_PRODUCTS_DIR)/PolyDice.app/PolyDice";
			};
			name = Release;
		};
/* End XCBuildConfiguration section */

/* Begin XCConfigurationList section */
		647BA51E24ABAEE200300916 /* Build configuration list for PBXProject "PolyDice" */ = {
			isa = XCConfigurationList;
			buildConfigurations = (
				647BA54024ABAEE600300916 /* Debug */,
				647BA54124ABAEE600300916 /* Release */,
			);
			defaultConfigurationIsVisible = 0;
			defaultConfigurationName = Release;
		};
		647BA54224ABAEE600300916 /* Build configuration list for PBXNativeTarget "PolyDice" */ = {
			isa = XCConfigurationList;
			buildConfigurations = (
				647BA54324ABAEE600300916 /* Debug */,
				647BA54424ABAEE600300916 /* Release */,
			);
			defaultConfigurationIsVisible = 0;
			defaultConfigurationName = Release;
		};
		647BA54524ABAEE600300916 /* Build configuration list for PBXNativeTarget "PolyDiceTests" */ = {
			isa = XCConfigurationList;
			buildConfigurations = (
				647BA54624ABAEE600300916 /* Debug */,
				647BA54724ABAEE600300916 /* Release */,
			);
			defaultConfigurationIsVisible = 0;
			defaultConfigurationName = Release;
		};
/* End XCConfigurationList section */
	};
	rootObject = 647BA51B24ABAEE200300916 /* Project object */;
}
